<?xml version="1.0" encoding="utf-8"?>
<Project ToolsVersion="4.0" xmlns="http://schemas.microsoft.com/developer/msbuild/2003">
  <ItemGroup>
    <ClCompile Include="..\..\test\algorithm\math\base_test.cpp">
      <Filter>algorithm\math</Filter>
    </ClCompile>
    <ClCompile Include="..\..\test\algorithm\math\primes_test.cpp">
      <Filter>algorithm\math</Filter>
    </ClCompile>
    <ClCompile Include="..\..\test\algorithm\math\recurrence_test.cpp">
      <Filter>algorithm\math</Filter>
    </ClCompile>
    <ClCompile Include="..\..\test\structure\math\matrix_test.cpp">
      <Filter>structure\math</Filter>
    </ClCompile>
    <ClCompile Include="..\..\test\structure\math\modulo_test.cpp">
      <Filter>structure\math</Filter>
    </ClCompile>
    <ClCompile Include="..\..\test\structure\math\polynom_test.cpp">
      <Filter>structure\math</Filter>
    </ClCompile>
    <ClCompile Include="..\..\test\structure\math\prime_holder_test.cpp">
      <Filter>structure\math</Filter>
    </ClCompile>
    <ClCompile Include="..\..\test\algorithm\math\polynoms_test.cpp">
      <Filter>algorithm\math</Filter>
    </ClCompile>
    <ClCompile Include="..\..\test\algorithm\math\modulos_test.cpp">
      <Filter>algorithm\math</Filter>
    </ClCompile>
    <ClCompile Include="..\..\test\structure\math\quadratic_test.cpp">
      <Filter>structure\math</Filter>
    </ClCompile>
    <ClCompile Include="..\..\test\structure\math\fraction_test.cpp">
      <Filter>structure\math</Filter>
    </ClCompile>
    <ClCompile Include="..\..\test\algorithm\math\fractions_test.cpp">
      <Filter>algorithm\math</Filter>
    </ClCompile>
    <ClCompile Include="..\..\test\algorithm\math\comb_primes_test.cpp">
      <Filter>algorithm\math</Filter>
    </ClCompile>
    <ClCompile Include="..\..\test\algorithm\math\reduce_test.cpp">
      <Filter>algorithm\math</Filter>
    </ClCompile>
    <ClCompile Include="..\..\test\algorithm\math\combinatorics_test.cpp">
      <Filter>algorithm\math</Filter>
    </ClCompile>
    <ClCompile Include="..\..\test\algorithm\collections\collections_test.cpp">
      <Filter>algorithm\collections</Filter>
    </ClCompile>
    <ClCompile Include="..\..\test\concurrency\concurrency_test.cpp">
      <Filter>concurrency</Filter>
    </ClCompile>
    <ClCompile Include="..\..\test\structure\math\vectorNd_test.cpp">
      <Filter>structure\math</Filter>
    </ClCompile>
    <ClCompile Include="..\..\test\algorithm\random\xorshift_test.cpp">
      <Filter>algorithm\random</Filter>
    </ClCompile>
    <ClCompile Include="..\..\test\algorithm\random\random_test.cpp">
      <Filter>algorithm\random</Filter>
    </ClCompile>
    <ClCompile Include="..\..\test\algorithm\math\sums_test.cpp">
      <Filter>algorithm\math</Filter>
    </ClCompile>
    <ClCompile Include="..\..\test\structure\math\modulox_test.cpp">
      <Filter>structure\math</Filter>
    </ClCompile>
    <ClCompile Include="..\..\test\structure\graph\disjoint_set_test.cpp">
      <Filter>structure\graph</Filter>
    </ClCompile>
    <ClCompile Include="..\..\test\structure\math\fenwick_tree_test.cpp">
      <Filter>structure\math</Filter>
    </ClCompile>
    <ClCompile Include="..\..\test\algorithm\math\fft_test.cpp">
      <Filter>algorithm\math</Filter>
    </ClCompile>
    <ClCompile Include="..\..\test\algorithm\hash\std_hash_test.cpp">
      <Filter>algorithm\hash</Filter>
    </ClCompile>
    <ClCompile Include="..\..\test\structure\math\series_test.cpp">
      <Filter>structure\math</Filter>
    </ClCompile>
    <ClCompile Include="..\..\test\structure\math\complex_test.cpp">
      <Filter>algorithm\math</Filter>
    </ClCompile>
    <ClCompile Include="..\..\test\algorithm\math\ranges_test.cpp">
      <Filter>algorithm\math</Filter>
    </ClCompile>
    <ClCompile Include="..\..\test\structure\math\polymod_test.cpp">
      <Filter>structure\math</Filter>
    </ClCompile>
    <ClCompile Include="..\..\test\structure\math\nimber_test.cpp">
      <Filter>structure\math</Filter>
    </ClCompile>
    <ClCompile Include="..\..\test\structure\container\sqrt_map_test.cpp">
      <Filter>structure\container</Filter>
    </ClCompile>
    <ClCompile Include="..\..\test\structure\container\lohi_map_test.cpp">
      <Filter>structure\container</Filter>
    </ClCompile>
    <ClCompile Include="..\..\test\algorithm\search\binary_search_test.cpp">
      <Filter>algorithm\search</Filter>
    </ClCompile>
    <ClCompile Include="..\..\test\structure\container\segment_tree_test.cpp">
      <Filter>structure\container</Filter>
    </ClCompile>
    <ClCompile Include="..\..\test\algorithm\math\prime_pi_test.cpp">
      <Filter>algorithm\math</Filter>
    </ClCompile>
  </ItemGroup>
  <ItemGroup>
    <Filter Include="algorithm">
      <UniqueIdentifier>{eeab0636-25f3-410c-b864-9abee7cc7556}</UniqueIdentifier>
    </Filter>
    <Filter Include="algorithm\math">
      <UniqueIdentifier>{2c445ce6-ae8f-4674-b6ea-bb7c41b2cdb8}</UniqueIdentifier>
    </Filter>
    <Filter Include="structure">
      <UniqueIdentifier>{5656dea1-70ca-427a-aea2-7af2d4182aa1}</UniqueIdentifier>
    </Filter>
    <Filter Include="structure\math">
      <UniqueIdentifier>{9238ff7b-5520-4603-8a86-3e8a1cf8fab4}</UniqueIdentifier>
    </Filter>
    <Filter Include="algorithm\collections">
      <UniqueIdentifier>{4996bb0e-202c-42b6-ac64-b1340f44f53b}</UniqueIdentifier>
    </Filter>
    <Filter Include="concurrency">
      <UniqueIdentifier>{0ec743fa-4978-4a72-b9de-33d1ab42ae2e}</UniqueIdentifier>
    </Filter>
    <Filter Include="algorithm\random">
      <UniqueIdentifier>{28632e34-4a8a-46b8-bfad-4c105ddecc2a}</UniqueIdentifier>
    </Filter>
    <Filter Include="structure\graph">
      <UniqueIdentifier>{6f3821b4-7bd7-46de-b9b3-270daca5f9b3}</UniqueIdentifier>
    </Filter>
    <Filter Include="algorithm\hash">
      <UniqueIdentifier>{fb4a4bfa-b7c2-4730-bfeb-1e77bf4b5c3e}</UniqueIdentifier>
    </Filter>
    <Filter Include="structure\container">
      <UniqueIdentifier>{2b5cb71f-1a0c-4389-ac58-ddabc8058666}</UniqueIdentifier>
    </Filter>
    <Filter Include="algorithm\search">
      <UniqueIdentifier>{6c2c12a3-a376-46f9-86c2-fe016be9bab1}</UniqueIdentifier>
    </Filter>
  </ItemGroup>
</Project>