<?xml version="1.0" encoding="utf-8"?>
<Project ToolsVersion="4.0" xmlns="http://schemas.microsoft.com/developer/msbuild/2003">
  <ItemGroup>
    <ClCompile Include="..\..\src\algorithm\math\primes.cpp">
      <Filter>src\algorithm\math</Filter>
    </ClCompile>
    <ClCompile Include="..\..\src\algorithm\math\base.cpp">
      <Filter>src\algorithm\math</Filter>
    </ClCompile>
    <ClCompile Include="..\..\src\algorithm\math\modulos.cpp">
      <Filter>src\algorithm\math</Filter>
    </ClCompile>
    <ClCompile Include="..\..\src\algorithm\math\bits.cpp">
      <Filter>src\algorithm\math</Filter>
    </ClCompile>
    <ClCompile Include="..\..\src\io\iostream_overloads.cpp">
      <Filter>src\io</Filter>
    </ClCompile>
  </ItemGroup>
  <ItemGroup>
    <Filter Include="src">
      <UniqueIdentifier>{6a697f4e-d00b-41b0-9b63-2cd9c30310b5}</UniqueIdentifier>
    </Filter>
    <Filter Include="src\structure">
      <UniqueIdentifier>{e7c56203-017d-476a-b20c-f3155ed3d28b}</UniqueIdentifier>
    </Filter>
    <Filter Include="src\structure\math">
      <UniqueIdentifier>{13341fc6-a6b8-41fb-b454-06ed09b2fa6f}</UniqueIdentifier>
    </Filter>
    <Filter Include="src\algorithm">
      <UniqueIdentifier>{0e18d6fc-d7d7-4c0e-8ac0-bd3cf044dd24}</UniqueIdentifier>
    </Filter>
    <Filter Include="src\algorithm\math">
      <UniqueIdentifier>{2c0003c5-f268-41f2-a584-ff788dfc9412}</UniqueIdentifier>
    </Filter>
    <Filter Include="include">
      <UniqueIdentifier>{7bd4a3b5-b940-4802-bbea-4cfc412d3f4a}</UniqueIdentifier>
    </Filter>
    <Filter Include="include\altruct">
      <UniqueIdentifier>{7bd4a3b5-b940-4802-bbea-4cfc412d3f4b}</UniqueIdentifier>
    </Filter>
    <Filter Include="include\altruct\algorithm">
      <UniqueIdentifier>{9f5b1ed9-6c6b-4b14-bdbc-64ec7a8c5d4e}</UniqueIdentifier>
    </Filter>
    <Filter Include="include\altruct\algorithm\math">
      <UniqueIdentifier>{b9edc163-4288-4569-a5ad-3fccf97e8474}</UniqueIdentifier>
    </Filter>
    <Filter Include="include\altruct\structure">
      <UniqueIdentifier>{818361a8-0e79-48ef-9121-0b54cab6a6f9}</UniqueIdentifier>
    </Filter>
    <Filter Include="include\altruct\structure\math">
      <UniqueIdentifier>{e782747d-be26-42f2-8338-77b2c231062f}</UniqueIdentifier>
    </Filter>
    <Filter Include="include\altruct\algorithm\collections">
      <UniqueIdentifier>{2f7fd685-9de2-43c4-9251-426e0f3883c4}</UniqueIdentifier>
    </Filter>
    <Filter Include="include\altruct\concurrency">
      <UniqueIdentifier>{bfb9e335-fb2b-487d-9500-457225c57cf0}</UniqueIdentifier>
    </Filter>
    <Filter Include="include\altruct\algorithm\random">
      <UniqueIdentifier>{1d163c5b-f6ff-45f5-895a-cf2e8cdd4dd4}</UniqueIdentifier>
    </Filter>
    <Filter Include="include\altruct\structure\graph">
      <UniqueIdentifier>{d812d264-bc4b-4e32-a5d6-2b4f5a2b2a62}</UniqueIdentifier>
    </Filter>
    <Filter Include="include\altruct\algorithm\hash">
      <UniqueIdentifier>{92618945-b6cc-4555-b6c9-3641752fb9ed}</UniqueIdentifier>
    </Filter>
    <Filter Include="include\altruct\structure\container">
      <UniqueIdentifier>{cf5d0bed-1d40-421e-aab1-30537cdea569}</UniqueIdentifier>
    </Filter>
    <Filter Include="include\altruct\algorithm\search">
      <UniqueIdentifier>{f87e2f96-d6d2-42cc-bafe-3774bf5cc0fa}</UniqueIdentifier>
    </Filter>
    <Filter Include="include\altruct\io">
      <UniqueIdentifier>{1279d389-d147-4357-b6ca-7d28e151016d}</UniqueIdentifier>
    </Filter>
    <Filter Include="include\altruct\algorithm\graph">
      <UniqueIdentifier>{a06ea75e-7a4e-45fa-a9b8-337d3315e87e}</UniqueIdentifier>
    </Filter>
    <Filter Include="src\io">
      <UniqueIdentifier>{54d55835-bab0-4154-9de1-0d35e5d7c349}</UniqueIdentifier>
    </Filter>
    <Filter Include="include\altruct\chrono">
      <UniqueIdentifier>{14d4de33-4b14-45fd-97e7-44ecc9ac6c40}</UniqueIdentifier>
    </Filter>
  </ItemGroup>
  <ItemGroup>
    <ClInclude Include="..\..\include\altruct\algorithm\math\base.h">
      <Filter>include\altruct\algorithm\math</Filter>
    </ClInclude>
    <ClInclude Include="..\..\include\altruct\algorithm\math\fft.h">
      <Filter>include\altruct\algorithm\math</Filter>
    </ClInclude>
    <ClInclude Include="..\..\include\altruct\algorithm\math\primes.h">
      <Filter>include\altruct\algorithm\math</Filter>
    </ClInclude>
    <ClInclude Include="..\..\include\altruct\algorithm\math\recurrence.h">
      <Filter>include\altruct\algorithm\math</Filter>
    </ClInclude>
    <ClInclude Include="..\..\include\altruct\structure\math\matrix.h">
      <Filter>include\altruct\structure\math</Filter>
    </ClInclude>
    <ClInclude Include="..\..\include\altruct\structure\math\modulo.h">
      <Filter>include\altruct\structure\math</Filter>
    </ClInclude>
    <ClInclude Include="..\..\include\altruct\structure\math\polynom.h">
      <Filter>include\altruct\structure\math</Filter>
    </ClInclude>
    <ClInclude Include="..\..\include\altruct\structure\math\prime_holder.h">
      <Filter>include\altruct\structure\math</Filter>
    </ClInclude>
    <ClInclude Include="..\..\include\altruct\algorithm\math\polynoms.h">
      <Filter>include\altruct\algorithm\math</Filter>
    </ClInclude>
    <ClInclude Include="..\..\include\altruct\algorithm\math\modulos.h">
      <Filter>include\altruct\algorithm\math</Filter>
    </ClInclude>
    <ClInclude Include="..\..\include\altruct\structure\math\quadratic.h">
      <Filter>include\altruct\structure\math</Filter>
    </ClInclude>
    <ClInclude Include="..\..\include\altruct\structure\math\complex.h">
      <Filter>include\altruct\structure\math</Filter>
    </ClInclude>
    <ClInclude Include="..\..\include\altruct\structure\math\fraction.h">
      <Filter>include\altruct\structure\math</Filter>
    </ClInclude>
    <ClInclude Include="..\..\include\altruct\algorithm\math\fractions.h">
      <Filter>include\altruct\algorithm\math</Filter>
    </ClInclude>
    <ClInclude Include="..\..\include\altruct\algorithm\math\comb_primes.h">
      <Filter>include\altruct\algorithm\math</Filter>
    </ClInclude>
    <ClInclude Include="..\..\include\altruct\algorithm\math\reduce.h">
      <Filter>include\altruct\algorithm\math</Filter>
    </ClInclude>
    <ClInclude Include="..\..\include\altruct\algorithm\math\combinatorics.h">
      <Filter>include\altruct\algorithm\math</Filter>
    </ClInclude>
    <ClInclude Include="..\..\include\altruct\algorithm\collections\collections.h">
      <Filter>include\altruct\algorithm\collections</Filter>
    </ClInclude>
    <ClInclude Include="..\..\include\altruct\concurrency\concurrency.h">
      <Filter>include\altruct\concurrency</Filter>
    </ClInclude>
    <ClInclude Include="..\..\include\altruct\structure\math\vectorNd.h">
      <Filter>include\altruct\structure\math</Filter>
    </ClInclude>
    <ClInclude Include="..\..\include\altruct\algorithm\random\xorshift.h">
      <Filter>include\altruct\algorithm\random</Filter>
    </ClInclude>
    <ClInclude Include="..\..\include\altruct\algorithm\random\random.h">
      <Filter>include\altruct\algorithm\random</Filter>
    </ClInclude>
    <ClInclude Include="..\..\include\altruct\algorithm\random\mersenne_twister.h">
      <Filter>include\altruct\algorithm\random</Filter>
    </ClInclude>
    <ClInclude Include="..\..\include\altruct\structure\graph\disjoint_set.h">
      <Filter>include\altruct\structure\graph</Filter>
    </ClInclude>
    <ClInclude Include="..\..\include\altruct\algorithm\math\sums.h">
      <Filter>include\altruct\algorithm\math</Filter>
    </ClInclude>
    <ClInclude Include="..\..\include\altruct\structure\math\fenwick_tree.h">
      <Filter>include\altruct\structure\math</Filter>
    </ClInclude>
    <ClInclude Include="..\..\include\altruct\algorithm\hash\std_hash_combine.h">
      <Filter>include\altruct\algorithm\hash</Filter>
    </ClInclude>
    <ClInclude Include="..\..\include\altruct\algorithm\hash\std_tuple_hash.h">
      <Filter>include\altruct\algorithm\hash</Filter>
    </ClInclude>
    <ClInclude Include="..\..\include\altruct\structure\math\series.h">
      <Filter>include\altruct\structure\math</Filter>
    </ClInclude>
    <ClInclude Include="..\..\include\altruct\algorithm\math\ranges.h">
      <Filter>include\altruct\algorithm\math</Filter>
    </ClInclude>
    <ClInclude Include="..\..\include\altruct\algorithm\math\polynom_mod.h">
      <Filter>include\altruct\algorithm\math</Filter>
    </ClInclude>
    <ClInclude Include="..\..\include\altruct\algorithm\math\gmp_helpers.h">
      <Filter>include\altruct\algorithm\math</Filter>
    </ClInclude>
    <ClInclude Include="..\..\include\altruct\structure\math\nimber.h">
      <Filter>include\altruct\structure\math</Filter>
    </ClInclude>
    <ClInclude Include="..\..\include\altruct\structure\container\sqrt_map.h">
      <Filter>include\altruct\structure\container</Filter>
    </ClInclude>
    <ClInclude Include="..\..\include\altruct\structure\container\lohi_map.h">
      <Filter>include\altruct\structure\container</Filter>
    </ClInclude>
    <ClInclude Include="..\..\include\altruct\algorithm\search\binary_search.h">
      <Filter>include\altruct\algorithm\search</Filter>
    </ClInclude>
    <ClInclude Include="..\..\include\altruct\structure\container\segment_tree.h">
      <Filter>include\altruct\structure\container</Filter>
    </ClInclude>
    <ClInclude Include="..\..\include\altruct\algorithm\math\prime_pi.h">
      <Filter>include\altruct\algorithm\math</Filter>
    </ClInclude>
    <ClInclude Include="..\..\include\altruct\io\fast_io.h">
      <Filter>include\altruct\io</Filter>
    </ClInclude>
    <ClInclude Include="..\..\experimental\include\altruct\algorithm\graph\iterative_dfs.h">
      <Filter>include\altruct\algorithm\graph</Filter>
    </ClInclude>
    <ClInclude Include="..\..\experimental\include\altruct\algorithm\graph\lowest_common_ancestor.h">
      <Filter>include\altruct\algorithm\graph</Filter>
    </ClInclude>
    <ClInclude Include="..\..\experimental\include\altruct\algorithm\graph\heavy_light_decomposition.h">
      <Filter>include\altruct\algorithm\graph</Filter>
    </ClInclude>
    <ClInclude Include="..\..\include\altruct\io\reader.h">
      <Filter>include\altruct\io</Filter>
    </ClInclude>
    <ClInclude Include="..\..\include\altruct\io\writer.h">
      <Filter>include\altruct\io</Filter>
    </ClInclude>
    <ClInclude Include="..\..\include\altruct\algorithm\hash\polynomial_hash.h">
      <Filter>include\altruct\algorithm\hash</Filter>
    </ClInclude>
    <ClInclude Include="..\..\include\altruct\algorithm\search\kmp_search.h">
      <Filter>include\altruct\algorithm\search</Filter>
    </ClInclude>
    <ClInclude Include="..\..\experimental\include\altruct\structure\container\palindrome_tree.h">
      <Filter>include\altruct\structure\container</Filter>
    </ClInclude>
    <ClInclude Include="..\..\experimental\include\altruct\structure\container\range_minimum_query.h">
      <Filter>include\altruct\structure\container</Filter>
    </ClInclude>
    <ClInclude Include="..\..\experimental\include\altruct\structure\container\suffix_array.h">
      <Filter>include\altruct\structure\container</Filter>
    </ClInclude>
    <ClInclude Include="..\..\experimental\include\altruct\structure\container\aho_corasick_trie.h">
      <Filter>include\altruct\structure\container</Filter>
    </ClInclude>
    <ClInclude Include="..\..\include\altruct\structure\math\permutation.h">
      <Filter>include\altruct\structure\math</Filter>
    </ClInclude>
    <ClInclude Include="..\..\include\altruct\algorithm\math\bits.h">
      <Filter>include\altruct\algorithm\math</Filter>
    </ClInclude>
    <ClInclude Include="..\..\include\altruct\structure\math\root_wrapper.h">
      <Filter>include\altruct\structure\math</Filter>
    </ClInclude>
    <ClInclude Include="..\..\include\altruct\structure\container\bit_vector.h">
      <Filter>include\altruct\structure\container</Filter>
    </ClInclude>
    <ClInclude Include="..\..\include\altruct\algorithm\math\convolutions.h">
      <Filter>include\altruct\algorithm\math</Filter>
    </ClInclude>
    <ClInclude Include="..\..\include\altruct\structure\math\vector2d.h">
      <Filter>include\altruct\structure\math</Filter>
    </ClInclude>
    <ClInclude Include="..\..\include\altruct\structure\math\vector3d.h">
      <Filter>include\altruct\structure\math</Filter>
    </ClInclude>
    <ClInclude Include="..\..\experimental\include\altruct\structure\math\double_int.h">
      <Filter>include\altruct\structure\math</Filter>
    </ClInclude>
    <ClInclude Include="..\..\include\altruct\structure\math\galois_field_2.h">
      <Filter>include\altruct\structure\math</Filter>
    </ClInclude>
    <ClInclude Include="..\..\include\altruct\algorithm\math\counting.h">
      <Filter>include\altruct\algorithm\math</Filter>
    </ClInclude>
    <ClInclude Include="..\..\include\altruct\algorithm\math\divisor_sums.h">
      <Filter>include\altruct\algorithm\math</Filter>
    </ClInclude>
    <ClInclude Include="..\..\include\altruct\algorithm\math\prime_counting.h">
      <Filter>include\altruct\algorithm\math</Filter>
    </ClInclude>
    <ClInclude Include="..\..\include\altruct\algorithm\math\pell.h">
      <Filter>include\altruct\algorithm\math</Filter>
    </ClInclude>
    <ClInclude Include="..\..\include\altruct\algorithm\math\triples.h">
      <Filter>include\altruct\algorithm\math</Filter>
    </ClInclude>
    <ClInclude Include="..\..\include\altruct\structure\container\lazy_segment_tree.h">
      <Filter>include\altruct\structure\container</Filter>
    </ClInclude>
    <ClInclude Include="..\..\include\altruct\algorithm\math\comb_mod_pp.h">
      <Filter>include\altruct\algorithm\math</Filter>
    </ClInclude>
    <ClInclude Include="..\..\include\altruct\algorithm\math\sequences.h">
      <Filter>include\altruct\algorithm\math</Filter>
    </ClInclude>
    <ClInclude Include="..\..\include\altruct\io\iostream_overloads.h">
      <Filter>include\altruct\io</Filter>
    </ClInclude>
    <ClInclude Include="..\..\experimental\include\altruct\algorithm\graph\bipartite_matching.h">
      <Filter>include\altruct\algorithm\graph</Filter>
    </ClInclude>
    <ClInclude Include="..\..\experimental\include\altruct\algorithm\graph\push_relabel_flow.h">
      <Filter>include\altruct\algorithm\graph</Filter>
    </ClInclude>
    <ClInclude Include="..\..\experimental\include\altruct\algorithm\graph\dinic_flow.h">
      <Filter>include\altruct\algorithm\graph</Filter>
    </ClInclude>
    <ClInclude Include="..\..\experimental\include\altruct\algorithm\graph\topological_sort.h">
      <Filter>include\altruct\algorithm\graph</Filter>
    </ClInclude>
    <ClInclude Include="..\..\experimental\include\altruct\algorithm\graph\tarjan_scc.h">
      <Filter>include\altruct\algorithm\graph</Filter>
    </ClInclude>
    <ClInclude Include="..\..\experimental\include\altruct\algorithm\graph\transitive_closure.h">
      <Filter>include\altruct\algorithm\graph</Filter>
    </ClInclude>
    <ClInclude Include="..\..\experimental\include\altruct\algorithm\graph\floyd_warshall.h">
      <Filter>include\altruct\algorithm\graph</Filter>
    </ClInclude>
    <ClInclude Include="..\..\experimental\include\altruct\algorithm\graph\dijkstra.h">
      <Filter>include\altruct\algorithm\graph</Filter>
    </ClInclude>
    <ClInclude Include="..\..\experimental\include\altruct\algorithm\graph\chain_decomposition.h">
      <Filter>include\altruct\algorithm\graph</Filter>
    </ClInclude>
    <ClInclude Include="..\..\experimental\include\altruct\algorithm\graph\chromatic_polynomial.h">
      <Filter>include\altruct\algorithm\graph</Filter>
    </ClInclude>
    <ClInclude Include="..\..\include\altruct\structure\container\binary_heap.h">
      <Filter>include\altruct\structure\container</Filter>
    </ClInclude>
    <ClInclude Include="..\..\include\altruct\structure\container\binary_search_tree.h">
      <Filter>include\altruct\structure\container</Filter>
    </ClInclude>
    <ClInclude Include="..\..\include\altruct\structure\container\treap.h">
      <Filter>include\altruct\structure\container</Filter>
    </ClInclude>
    <ClInclude Include="..\..\include\altruct\structure\container\rope.h">
      <Filter>include\altruct\structure\container</Filter>
    </ClInclude>
    <ClInclude Include="..\..\include\altruct\algorithm\math\convergents.h">
      <Filter>include\altruct\algorithm\math</Filter>
    </ClInclude>
    <ClInclude Include="..\..\include\altruct\structure\graph\graph.h">
      <Filter>include\altruct\structure\graph</Filter>
    </ClInclude>
    <ClInclude Include="..\..\experimental\include\altruct\algorithm\graph\sat2.h">
      <Filter>include\altruct\algorithm\graph</Filter>
    </ClInclude>
    <ClInclude Include="..\..\experimental\include\altruct\algorithm\graph\prim_spanning_tree.h">
      <Filter>include\altruct\algorithm\graph</Filter>
    </ClInclude>
    <ClInclude Include="..\..\experimental\include\altruct\structure\container\prefix_tree.h">
      <Filter>include\altruct\structure\container</Filter>
    </ClInclude>
    <ClInclude Include="..\..\include\altruct\chrono\chrono.h">
      <Filter>include\altruct\chrono</Filter>
    </ClInclude>
  </ItemGroup>
</Project>