<?xml version="1.0" encoding="utf-8"?>
<Project ToolsVersion="4.0" xmlns="http://schemas.microsoft.com/developer/msbuild/2003">
  <ItemGroup>
    <ClCompile Include="..\..\lib\algorithm\math\primes.cpp">
      <Filter>src\algorithm\math</Filter>
    </ClCompile>
    <ClCompile Include="..\..\lib\algorithm\math\base.cpp">
      <Filter>src\algorithm\math</Filter>
    </ClCompile>
    <ClCompile Include="..\..\lib\algorithm\math\modulos.cpp">
      <Filter>src\algorithm\math</Filter>
    </ClCompile>
  </ItemGroup>
  <ItemGroup>
    <Filter Include="src">
      <UniqueIdentifier>{6a697f4e-d00b-41b0-9b63-2cd9c30310b5}</UniqueIdentifier>
    </Filter>
    <Filter Include="src\structure">
      <UniqueIdentifier>{e7c56203-017d-476a-b20c-f3155ed3d28b}</UniqueIdentifier>
    </Filter>
    <Filter Include="src\structure\math">
      <UniqueIdentifier>{13341fc6-a6b8-41fb-b454-06ed09b2fa6f}</UniqueIdentifier>
    </Filter>
    <Filter Include="src\algorithm">
      <UniqueIdentifier>{0e18d6fc-d7d7-4c0e-8ac0-bd3cf044dd24}</UniqueIdentifier>
    </Filter>
    <Filter Include="src\algorithm\math">
      <UniqueIdentifier>{2c0003c5-f268-41f2-a584-ff788dfc9412}</UniqueIdentifier>
    </Filter>
    <Filter Include="include">
      <UniqueIdentifier>{7bd4a3b5-b940-4802-bbea-4cfc412d3f4a}</UniqueIdentifier>
    </Filter>
    <Filter Include="include\algorithm">
      <UniqueIdentifier>{9f5b1ed9-6c6b-4b14-bdbc-64ec7a8c5d4e}</UniqueIdentifier>
    </Filter>
    <Filter Include="include\algorithm\math">
      <UniqueIdentifier>{b9edc163-4288-4569-a5ad-3fccf97e8474}</UniqueIdentifier>
    </Filter>
    <Filter Include="include\structure">
      <UniqueIdentifier>{818361a8-0e79-48ef-9121-0b54cab6a6f9}</UniqueIdentifier>
    </Filter>
    <Filter Include="include\structure\math">
      <UniqueIdentifier>{e782747d-be26-42f2-8338-77b2c231062f}</UniqueIdentifier>
    </Filter>
    <Filter Include="include\algorithm\collections">
      <UniqueIdentifier>{2f7fd685-9de2-43c4-9251-426e0f3883c4}</UniqueIdentifier>
    </Filter>
    <Filter Include="include\concurrency">
      <UniqueIdentifier>{bfb9e335-fb2b-487d-9500-457225c57cf0}</UniqueIdentifier>
    </Filter>
    <Filter Include="include\algorithm\random">
      <UniqueIdentifier>{1d163c5b-f6ff-45f5-895a-cf2e8cdd4dd4}</UniqueIdentifier>
    </Filter>
    <Filter Include="include\structure\graph">
      <UniqueIdentifier>{d812d264-bc4b-4e32-a5d6-2b4f5a2b2a62}</UniqueIdentifier>
    </Filter>
    <Filter Include="include\algorithm\hash">
      <UniqueIdentifier>{92618945-b6cc-4555-b6c9-3641752fb9ed}</UniqueIdentifier>
    </Filter>
    <Filter Include="include\structure\container">
      <UniqueIdentifier>{cf5d0bed-1d40-421e-aab1-30537cdea569}</UniqueIdentifier>
    </Filter>
    <Filter Include="include\algorithm\search">
      <UniqueIdentifier>{f87e2f96-d6d2-42cc-bafe-3774bf5cc0fa}</UniqueIdentifier>
    </Filter>
  </ItemGroup>
  <ItemGroup>
    <ClInclude Include="..\..\include\algorithm\math\base.h">
      <Filter>include\algorithm\math</Filter>
    </ClInclude>
    <ClInclude Include="..\..\include\algorithm\math\fft.h">
      <Filter>include\algorithm\math</Filter>
    </ClInclude>
    <ClInclude Include="..\..\include\algorithm\math\primes.h">
      <Filter>include\algorithm\math</Filter>
    </ClInclude>
    <ClInclude Include="..\..\include\algorithm\math\recurrence.h">
      <Filter>include\algorithm\math</Filter>
    </ClInclude>
    <ClInclude Include="..\..\include\structure\math\matrix.h">
      <Filter>include\structure\math</Filter>
    </ClInclude>
    <ClInclude Include="..\..\include\structure\math\modulo.h">
      <Filter>include\structure\math</Filter>
    </ClInclude>
    <ClInclude Include="..\..\include\structure\math\polynom.h">
      <Filter>include\structure\math</Filter>
    </ClInclude>
    <ClInclude Include="..\..\include\structure\math\prime_holder.h">
      <Filter>include\structure\math</Filter>
    </ClInclude>
    <ClInclude Include="..\..\include\algorithm\math\polynoms.h">
      <Filter>include\algorithm\math</Filter>
    </ClInclude>
    <ClInclude Include="..\..\include\algorithm\math\modulos.h">
      <Filter>include\algorithm\math</Filter>
    </ClInclude>
    <ClInclude Include="..\..\include\structure\math\quadratic.h">
      <Filter>include\structure\math</Filter>
    </ClInclude>
    <ClInclude Include="..\..\include\structure\math\complex.h">
      <Filter>include\structure\math</Filter>
    </ClInclude>
    <ClInclude Include="..\..\include\structure\math\fraction.h">
      <Filter>include\structure\math</Filter>
    </ClInclude>
    <ClInclude Include="..\..\include\algorithm\math\fractions.h">
      <Filter>include\algorithm\math</Filter>
    </ClInclude>
    <ClInclude Include="..\..\include\algorithm\math\comb_primes.h">
      <Filter>include\algorithm\math</Filter>
    </ClInclude>
    <ClInclude Include="..\..\include\algorithm\math\reduce.h">
      <Filter>include\algorithm\math</Filter>
    </ClInclude>
    <ClInclude Include="..\..\include\algorithm\math\combinatorics.h">
      <Filter>include\algorithm\math</Filter>
    </ClInclude>
    <ClInclude Include="..\..\include\algorithm\collections\collections.h">
      <Filter>include\algorithm\collections</Filter>
    </ClInclude>
    <ClInclude Include="..\..\include\concurrency\concurrency.h">
      <Filter>include\concurrency</Filter>
    </ClInclude>
    <ClInclude Include="..\..\include\structure\math\vectorNd.h">
      <Filter>include\structure\math</Filter>
    </ClInclude>
    <ClInclude Include="..\..\include\algorithm\random\xorshift.h">
      <Filter>include\algorithm\random</Filter>
    </ClInclude>
    <ClInclude Include="..\..\include\algorithm\random\random.h">
      <Filter>include\algorithm\random</Filter>
    </ClInclude>
    <ClInclude Include="..\..\include\algorithm\random\mersenne_twister.h">
      <Filter>include\algorithm\random</Filter>
    </ClInclude>
    <ClInclude Include="..\..\include\structure\graph\disjoint_set.h">
      <Filter>include\structure\graph</Filter>
    </ClInclude>
    <ClInclude Include="..\..\include\algorithm\math\sums.h">
      <Filter>include\algorithm\math</Filter>
    </ClInclude>
    <ClInclude Include="..\..\include\structure\math\vector3d.h">
      <Filter>include\structure\math</Filter>
    </ClInclude>
    <ClInclude Include="..\..\include\structure\math\fenwick_tree.h">
      <Filter>include\structure\math</Filter>
    </ClInclude>
    <ClInclude Include="..\..\include\algorithm\hash\std_hash_combine.h">
      <Filter>include\algorithm\hash</Filter>
    </ClInclude>
    <ClInclude Include="..\..\include\algorithm\hash\std_tuple_hash.h">
      <Filter>include\algorithm\hash</Filter>
    </ClInclude>
    <ClInclude Include="..\..\include\structure\math\series.h">
      <Filter>include\structure\math</Filter>
    </ClInclude>
    <ClInclude Include="..\..\include\algorithm\math\ranges.h">
      <Filter>include\algorithm\math</Filter>
    </ClInclude>
    <ClInclude Include="..\..\include\algorithm\math\polynom_mod.h">
      <Filter>include\algorithm\math</Filter>
    </ClInclude>
    <ClInclude Include="..\..\include\algorithm\math\gmp_helpers.h">
      <Filter>include\algorithm\math</Filter>
    </ClInclude>
    <ClInclude Include="..\..\include\structure\math\nimber.h">
      <Filter>include\structure\math</Filter>
    </ClInclude>
    <ClInclude Include="..\..\include\structure\container\sqrt_map.h">
      <Filter>include\structure\container</Filter>
    </ClInclude>
    <ClInclude Include="..\..\include\structure\container\lohi_map.h">
      <Filter>include\structure\container</Filter>
    </ClInclude>
    <ClInclude Include="..\..\include\structure\math\vector2d.h">
      <Filter>include\structure\math</Filter>
    </ClInclude>
    <ClInclude Include="..\..\include\algorithm\search\binary_search.h">
      <Filter>include\algorithm\search</Filter>
    </ClInclude>
  </ItemGroup>
</Project>